
Microsoft Visual Studio Solution File, Format Version 12.00
# Visual Studio Version 17
VisualStudioVersion = 17.8.34330.188
MinimumVisualStudioVersion = 10.0.40219.1
Project("{9A19103F-16F7-4668-BE54-9A1E7A4F7556}") = "API", "API.csproj", "{CFCAEB11-0282-4199-97C9-4F10EEC89770}"
EndProject
Project("{FAE04EC0-301F-11D3-BF4B-00C04F79EFBC}") = "Test", "..\Test\Test.csproj", "{037DFBA2-999B-455B-B14D-442E09686381}"
EndProject
Global
	GlobalSection(SolutionConfigurationPlatforms) = preSolution
		Debug|Any CPU = Debug|Any CPU
		Release|Any CPU = Release|Any CPU
	EndGlobalSection
	GlobalSection(ProjectConfigurationPlatforms) = postSolution
		{CFCAEB11-0282-4199-97C9-4F10EEC89770}.Debug|Any CPU.ActiveCfg = Debug|Any CPU
		{CFCAEB11-0282-4199-97C9-4F10EEC89770}.Debug|Any CPU.Build.0 = Debug|Any CPU
		{CFCAEB11-0282-4199-97C9-4F10EEC89770}.Release|Any CPU.ActiveCfg = Release|Any CPU
		{CFCAEB11-0282-4199-97C9-4F10EEC89770}.Release|Any CPU.Build.0 = Release|Any CPU
		{037DFBA2-999B-455B-B14D-442E09686381}.Debug|Any CPU.ActiveCfg = Debug|Any CPU
		{037DFBA2-999B-455B-B14D-442E09686381}.Debug|Any CPU.Build.0 = Debug|Any CPU
		{037DFBA2-999B-455B-B14D-442E09686381}.Release|Any CPU.ActiveCfg = Release|Any CPU
		{037DFBA2-999B-455B-B14D-442E09686381}.Release|Any CPU.Build.0 = Release|Any CPU
	EndGlobalSection
	GlobalSection(SolutionProperties) = preSolution
		HideSolutionNode = FALSE
	EndGlobalSection
	GlobalSection(ExtensibilityGlobals) = postSolution
		SolutionGuid = {120B65B9-071E-4107-ACD7-771C24DF511B}
	EndGlobalSection
EndGlobal
